
Microsoft Visual Studio Solution File, Format Version 12.00
# Visual Studio Version 17
VisualStudioVersion = 17.0.32014.148
MinimumVisualStudioVersion = 10.0.40219.1
Project("{FAE04EC0-301F-11D3-BF4B-00C04F79EFBC}") = "FindXYZ", "FindXYZ\FindXYZ.csproj", "{EFD9BB3F-4AE2-4467-9AD3-6C1137A2E68E}"
EndProject
Global
	GlobalSection(SolutionConfigurationPlatforms) = preSolution
		Debug|Any CPU = Debug|Any CPU
		Release|Any CPU = Release|Any CPU
	EndGlobalSection
	GlobalSection(ProjectConfigurationPlatforms) = postSolution
		{EFD9BB3F-4AE2-4467-9AD3-6C1137A2E68E}.Debug|Any CPU.ActiveCfg = Debug|Any CPU
		{EFD9BB3F-4AE2-4467-9AD3-6C1137A2E68E}.Debug|Any CPU.Build.0 = Debug|Any CPU
		{EFD9BB3F-4AE2-4467-9AD3-6C1137A2E68E}.Release|Any CPU.ActiveCfg = Release|Any CPU
		{EFD9BB3F-4AE2-4467-9AD3-6C1137A2E68E}.Release|Any CPU.Build.0 = Release|Any CPU
	EndGlobalSection
	GlobalSection(SolutionProperties) = preSolution
		HideSolutionNode = FALSE
	EndGlobalSection
	GlobalSection(ExtensibilityGlobals) = postSolution
		SolutionGuid = {B2476DB5-517E-45B1-9EDC-9364FB6881BB}
	EndGlobalSection
EndGlobal
