
Microsoft Visual Studio Solution File, Format Version 12.00
# Visual Studio Version 17
VisualStudioVersion = 17.0.32014.148
MinimumVisualStudioVersion = 10.0.40219.1
Project("{9A19103F-16F7-4668-BE54-9A1E7A4F7556}") = "addressbook-web-test", "addressbook-web-test\addressbook-web-test.csproj", "{05572A35-D339-4321-8C0F-12560E5DCC10}"
EndProject
Global
	GlobalSection(SolutionConfigurationPlatforms) = preSolution
		Debug|Any CPU = Debug|Any CPU
		Release|Any CPU = Release|Any CPU
	EndGlobalSection
	GlobalSection(ProjectConfigurationPlatforms) = postSolution
		{05572A35-D339-4321-8C0F-12560E5DCC10}.Debug|Any CPU.ActiveCfg = Debug|Any CPU
		{05572A35-D339-4321-8C0F-12560E5DCC10}.Debug|Any CPU.Build.0 = Debug|Any CPU
		{05572A35-D339-4321-8C0F-12560E5DCC10}.Release|Any CPU.ActiveCfg = Release|Any CPU
		{05572A35-D339-4321-8C0F-12560E5DCC10}.Release|Any CPU.Build.0 = Release|Any CPU
	EndGlobalSection
	GlobalSection(SolutionProperties) = preSolution
		HideSolutionNode = FALSE
	EndGlobalSection
	GlobalSection(ExtensibilityGlobals) = postSolution
		SolutionGuid = {951B7D65-5EEA-4840-899A-5B5F7A9AE282}
	EndGlobalSection
EndGlobal
